
Microsoft Visual Studio Solution File, Format Version 12.00
# Visual Studio Version 17
VisualStudioVersion = 17.7.34018.315
MinimumVisualStudioVersion = 10.0.40219.1
Project("{8BC9CEB8-8B4A-11D0-8D11-00A0C91BC942}") = "Render4", "Render4\Render4.vcxproj", "{E4FDCA57-66DF-4A69-83BF-D28A8768F242}"
EndProject
Global
	GlobalSection(SolutionConfigurationPlatforms) = preSolution
		Debug|x64 = Debug|x64
		Debug|x86 = Debug|x86
		Release|x64 = Release|x64
		Release|x86 = Release|x86
	EndGlobalSection
	GlobalSection(ProjectConfigurationPlatforms) = postSolution
		{E4FDCA57-66DF-4A69-83BF-D28A8768F242}.Debug|x64.ActiveCfg = Debug|x64
		{E4FDCA57-66DF-4A69-83BF-D28A8768F242}.Debug|x64.Build.0 = Debug|x64
		{E4FDCA57-66DF-4A69-83BF-D28A8768F242}.Debug|x86.ActiveCfg = Debug|Win32
		{E4FDCA57-66DF-4A69-83BF-D28A8768F242}.Debug|x86.Build.0 = Debug|Win32
		{E4FDCA57-66DF-4A69-83BF-D28A8768F242}.Release|x64.ActiveCfg = Release|x64
		{E4FDCA57-66DF-4A69-83BF-D28A8768F242}.Release|x64.Build.0 = Release|x64
		{E4FDCA57-66DF-4A69-83BF-D28A8768F242}.Release|x86.ActiveCfg = Release|Win32
		{E4FDCA57-66DF-4A69-83BF-D28A8768F242}.Release|x86.Build.0 = Release|Win32
	EndGlobalSection
	GlobalSection(SolutionProperties) = preSolution
		HideSolutionNode = FALSE
	EndGlobalSection
	GlobalSection(ExtensibilityGlobals) = postSolution
		SolutionGuid = {777A0713-157F-42B6-BD9E-3D3FA7140FB1}
	EndGlobalSection
EndGlobal
